// !$*UTF8*$!
{
	archiveVersion = 1;
	classes = {
	};
	objectVersion = 77;
	objects = {

/* Begin PBXBuildFile section */
		1F0998FB2D32618C000E8762 /* SnapKit in Frameworks */ = {isa = PBXBuildFile; productRef = 1F0998FA2D32618C000E8762 /* SnapKit */; };
		1F0998FE2D3261B1000E8762 /* Then in Frameworks */ = {isa = PBXBuildFile; productRef = 1F0998FD2D3261B1000E8762 /* Then */; };
		1F0999012D326208000E8762 /* Moya in Frameworks */ = {isa = PBXBuildFile; productRef = 1F0999002D326208000E8762 /* Moya */; };
		1F0999042D32626D000E8762 /* KakaoSDK in Frameworks */ = {isa = PBXBuildFile; productRef = 1F0999032D32626D000E8762 /* KakaoSDK */; };
		1F0999062D32626D000E8762 /* KakaoSDKAuth in Frameworks */ = {isa = PBXBuildFile; productRef = 1F0999052D32626D000E8762 /* KakaoSDKAuth */; };
		1F0999082D32626D000E8762 /* KakaoSDKCert in Frameworks */ = {isa = PBXBuildFile; productRef = 1F0999072D32626D000E8762 /* KakaoSDKCert */; };
		1F09990A2D32626D000E8762 /* KakaoSDKCertCore in Frameworks */ = {isa = PBXBuildFile; productRef = 1F0999092D32626D000E8762 /* KakaoSDKCertCore */; };
		1F09990C2D32626D000E8762 /* KakaoSDKCommon in Frameworks */ = {isa = PBXBuildFile; productRef = 1F09990B2D32626D000E8762 /* KakaoSDKCommon */; };
		1F09990F2D32629F000E8762 /* SDWebImage in Frameworks */ = {isa = PBXBuildFile; productRef = 1F09990E2D32629F000E8762 /* SDWebImage */; };
/* End PBXBuildFile section */

/* Begin PBXFileReference section */
		1F0998C72D325FA0000E8762 /* LunZh.app */ = {isa = PBXFileReference; explicitFileType = wrapper.application; includeInIndex = 0; path = LunZh.app; sourceTree = BUILT_PRODUCTS_DIR; };
/* End PBXFileReference section */

/* Begin PBXFileSystemSynchronizedBuildFileExceptionSet section */
		1F0998DC2D325FA1000E8762 /* Exceptions for "LunZh" folder in "LunZh" target */ = {
			isa = PBXFileSystemSynchronizedBuildFileExceptionSet;
			membershipExceptions = (
				Info.plist,
			);
			target = 1F0998C62D325FA0000E8762 /* LunZh */;
		};
/* End PBXFileSystemSynchronizedBuildFileExceptionSet section */

/* Begin PBXFileSystemSynchronizedRootGroup section */
		1F0998C92D325FA0000E8762 /* LunZh */ = {
			isa = PBXFileSystemSynchronizedRootGroup;
			exceptions = (
				1F0998DC2D325FA1000E8762 /* Exceptions for "LunZh" folder in "LunZh" target */,
			);
			path = LunZh;
			sourceTree = "<group>";
		};
/* End PBXFileSystemSynchronizedRootGroup section */

/* Begin PBXFrameworksBuildPhase section */
		1F0998C42D325FA0000E8762 /* Frameworks */ = {
			isa = PBXFrameworksBuildPhase;
			buildActionMask = 2147483647;
			files = (
				1F09990C2D32626D000E8762 /* KakaoSDKCommon in Frameworks */,
				1F0998FB2D32618C000E8762 /* SnapKit in Frameworks */,
				1F0999042D32626D000E8762 /* KakaoSDK in Frameworks */,
				1F0998FE2D3261B1000E8762 /* Then in Frameworks */,
				1F0999082D32626D000E8762 /* KakaoSDKCert in Frameworks */,
				1F0999012D326208000E8762 /* Moya in Frameworks */,
				1F09990F2D32629F000E8762 /* SDWebImage in Frameworks */,
				1F0999062D32626D000E8762 /* KakaoSDKAuth in Frameworks */,
				1F09990A2D32626D000E8762 /* KakaoSDKCertCore in Frameworks */,
			);
			runOnlyForDeploymentPostprocessing = 0;
		};
/* End PBXFrameworksBuildPhase section */

/* Begin PBXGroup section */
		1F0998BE2D325FA0000E8762 = {
			isa = PBXGroup;
			children = (
				1F0998C92D325FA0000E8762 /* LunZh */,
				1F0998C82D325FA0000E8762 /* Products */,
			);
			sourceTree = "<group>";
		};
		1F0998C82D325FA0000E8762 /* Products */ = {
			isa = PBXGroup;
			children = (
				1F0998C72D325FA0000E8762 /* LunZh.app */,
			);
			name = Products;
			sourceTree = "<group>";
		};
/* End PBXGroup section */

/* Begin PBXNativeTarget section */
		1F0998C62D325FA0000E8762 /* LunZh */ = {
			isa = PBXNativeTarget;
			buildConfigurationList = 1F0998DD2D325FA1000E8762 /* Build configuration list for PBXNativeTarget "LunZh" */;
			buildPhases = (
				1F0998C32D325FA0000E8762 /* Sources */,
				1F0998C42D325FA0000E8762 /* Frameworks */,
				1F0998C52D325FA0000E8762 /* Resources */,
			);
			buildRules = (
			);
			dependencies = (
			);
			fileSystemSynchronizedGroups = (
				1F0998C92D325FA0000E8762 /* LunZh */,
			);
			name = LunZh;
			packageProductDependencies = (
				1F0998FA2D32618C000E8762 /* SnapKit */,
				1F0998FD2D3261B1000E8762 /* Then */,
				1F0999002D326208000E8762 /* Moya */,
				1F0999032D32626D000E8762 /* KakaoSDK */,
				1F0999052D32626D000E8762 /* KakaoSDKAuth */,
				1F0999072D32626D000E8762 /* KakaoSDKCert */,
				1F0999092D32626D000E8762 /* KakaoSDKCertCore */,
				1F09990B2D32626D000E8762 /* KakaoSDKCommon */,
				1F09990E2D32629F000E8762 /* SDWebImage */,
			);
			productName = LunZh;
			productReference = 1F0998C72D325FA0000E8762 /* LunZh.app */;
			productType = "com.apple.product-type.application";
		};
/* End PBXNativeTarget section */

/* Begin PBXProject section */
		1F0998BF2D325FA0000E8762 /* Project object */ = {
			isa = PBXProject;
			attributes = {
				BuildIndependentTargetsInParallel = 1;
				LastSwiftUpdateCheck = 1620;
				LastUpgradeCheck = 1620;
				TargetAttributes = {
					1F0998C62D325FA0000E8762 = {
						CreatedOnToolsVersion = 16.2;
					};
				};
			};
			buildConfigurationList = 1F0998C22D325FA0000E8762 /* Build configuration list for PBXProject "LunZh" */;
			developmentRegion = en;
			hasScannedForEncodings = 0;
			knownRegions = (
				en,
				Base,
			);
			mainGroup = 1F0998BE2D325FA0000E8762;
			minimizedProjectReferenceProxies = 1;
			packageReferences = (
				1F0998F92D32618C000E8762 /* XCRemoteSwiftPackageReference "SnapKit" */,
				1F0998FC2D3261B1000E8762 /* XCRemoteSwiftPackageReference "Then" */,
				1F0998FF2D326208000E8762 /* XCRemoteSwiftPackageReference "Moya" */,
				1F0999022D32626D000E8762 /* XCRemoteSwiftPackageReference "kakao-ios-sdk" */,
				1F09990D2D32629F000E8762 /* XCRemoteSwiftPackageReference "SDWebImage" */,
			);
			preferredProjectObjectVersion = 77;
			productRefGroup = 1F0998C82D325FA0000E8762 /* Products */;
			projectDirPath = "";
			projectRoot = "";
			targets = (
				1F0998C62D325FA0000E8762 /* LunZh */,
			);
		};
/* End PBXProject section */

/* Begin PBXResourcesBuildPhase section */
		1F0998C52D325FA0000E8762 /* Resources */ = {
			isa = PBXResourcesBuildPhase;
			buildActionMask = 2147483647;
			files = (
			);
			runOnlyForDeploymentPostprocessing = 0;
		};
/* End PBXResourcesBuildPhase section */

/* Begin PBXSourcesBuildPhase section */
		1F0998C32D325FA0000E8762 /* Sources */ = {
			isa = PBXSourcesBuildPhase;
			buildActionMask = 2147483647;
			files = (
			);
			runOnlyForDeploymentPostprocessing = 0;
		};
/* End PBXSourcesBuildPhase section */

/* Begin XCBuildConfiguration section */
		1F0998DE2D325FA1000E8762 /* Debug */ = {
			isa = XCBuildConfiguration;
			buildSettings = {
				ASSETCATALOG_COMPILER_APPICON_NAME = AppIcon;
				ASSETCATALOG_COMPILER_GLOBAL_ACCENT_COLOR_NAME = AccentColor;
				CODE_SIGN_STYLE = Automatic;
				CURRENT_PROJECT_VERSION = 1;
				DEVELOPMENT_TEAM = BBVZV8T99P;
				GENERATE_INFOPLIST_FILE = YES;
				INFOPLIST_FILE = LunZh/Info.plist;
				INFOPLIST_KEY_UIApplicationSupportsIndirectInputEvents = YES;
				INFOPLIST_KEY_UILaunchStoryboardName = LaunchScreen;
				INFOPLIST_KEY_UIMainStoryboardFile = "";
				INFOPLIST_KEY_UISupportedInterfaceOrientations_iPad = "UIInterfaceOrientationPortrait UIInterfaceOrientationPortraitUpsideDown UIInterfaceOrientationLandscapeLeft UIInterfaceOrientationLandscapeRight";
				INFOPLIST_KEY_UISupportedInterfaceOrientations_iPhone = "UIInterfaceOrientationPortrait UIInterfaceOrientationLandscapeLeft UIInterfaceOrientationLandscapeRight";
				LD_RUNPATH_SEARCH_PATHS = (
					"$(inherited)",
					"@executable_path/Frameworks",
				);
				MARKETING_VERSION = 1.0;
				PRODUCT_BUNDLE_IDENTIFIER = com.project.LunZh;
				PRODUCT_NAME = "$(TARGET_NAME)";
				SWIFT_EMIT_LOC_STRINGS = YES;
				SWIFT_VERSION = 5.0;
				TARGETED_DEVICE_FAMILY = "1,2";
			};
			name = Debug;
		};
		1F0998DF2D325FA1000E8762 /* Release */ = {
			isa = XCBuildConfiguration;
			buildSettings = {
				ASSETCATALOG_COMPILER_APPICON_NAME = AppIcon;
				ASSETCATALOG_COMPILER_GLOBAL_ACCENT_COLOR_NAME = AccentColor;
				CODE_SIGN_STYLE = Automatic;
				CURRENT_PROJECT_VERSION = 1;
				DEVELOPMENT_TEAM = BBVZV8T99P;
				GENERATE_INFOPLIST_FILE = YES;
				INFOPLIST_FILE = LunZh/Info.plist;
				INFOPLIST_KEY_UIApplicationSupportsIndirectInputEvents = YES;
				INFOPLIST_KEY_UILaunchStoryboardName = LaunchScreen;
				INFOPLIST_KEY_UIMainStoryboardFile = "";
				INFOPLIST_KEY_UISupportedInterfaceOrientations_iPad = "UIInterfaceOrientationPortrait UIInterfaceOrientationPortraitUpsideDown UIInterfaceOrientationLandscapeLeft UIInterfaceOrientationLandscapeRight";
				INFOPLIST_KEY_UISupportedInterfaceOrientations_iPhone = "UIInterfaceOrientationPortrait UIInterfaceOrientationLandscapeLeft UIInterfaceOrientationLandscapeRight";
				LD_RUNPATH_SEARCH_PATHS = (
					"$(inherited)",
					"@executable_path/Frameworks",
				);
				MARKETING_VERSION = 1.0;
				PRODUCT_BUNDLE_IDENTIFIER = com.project.LunZh;
				PRODUCT_NAME = "$(TARGET_NAME)";
				SWIFT_EMIT_LOC_STRINGS = YES;
				SWIFT_VERSION = 5.0;
				TARGETED_DEVICE_FAMILY = "1,2";
			};
			name = Release;
		};
		1F0998E02D325FA1000E8762 /* Debug */ = {
			isa = XCBuildConfiguration;
			buildSettings = {
				ALWAYS_SEARCH_USER_PATHS = NO;
				ASSETCATALOG_COMPILER_GENERATE_SWIFT_ASSET_SYMBOL_EXTENSIONS = YES;
				CLANG_ANALYZER_NONNULL = YES;
				CLANG_ANALYZER_NUMBER_OBJECT_CONVERSION = YES_AGGRESSIVE;
				CLANG_CXX_LANGUAGE_STANDARD = "gnu++20";
				CLANG_ENABLE_MODULES = YES;
				CLANG_ENABLE_OBJC_ARC = YES;
				CLANG_ENABLE_OBJC_WEAK = YES;
				CLANG_WARN_BLOCK_CAPTURE_AUTORELEASING = YES;
				CLANG_WARN_BOOL_CONVERSION = YES;
				CLANG_WARN_COMMA = YES;
				CLANG_WARN_CONSTANT_CONVERSION = YES;
				CLANG_WARN_DEPRECATED_OBJC_IMPLEMENTATIONS = YES;
				CLANG_WARN_DIRECT_OBJC_ISA_USAGE = YES_ERROR;
				CLANG_WARN_DOCUMENTATION_COMMENTS = YES;
				CLANG_WARN_EMPTY_BODY = YES;
				CLANG_WARN_ENUM_CONVERSION = YES;
				CLANG_WARN_INFINITE_RECURSION = YES;
				CLANG_WARN_INT_CONVERSION = YES;
				CLANG_WARN_NON_LITERAL_NULL_CONVERSION = YES;
				CLANG_WARN_OBJC_IMPLICIT_RETAIN_SELF = YES;
				CLANG_WARN_OBJC_LITERAL_CONVERSION = YES;
				CLANG_WARN_OBJC_ROOT_CLASS = YES_ERROR;
				CLANG_WARN_QUOTED_INCLUDE_IN_FRAMEWORK_HEADER = YES;
				CLANG_WARN_RANGE_LOOP_ANALYSIS = YES;
				CLANG_WARN_STRICT_PROTOTYPES = YES;
				CLANG_WARN_SUSPICIOUS_MOVE = YES;
				CLANG_WARN_UNGUARDED_AVAILABILITY = YES_AGGRESSIVE;
				CLANG_WARN_UNREACHABLE_CODE = YES;
				CLANG_WARN__DUPLICATE_METHOD_MATCH = YES;
				COPY_PHASE_STRIP = NO;
				DEBUG_INFORMATION_FORMAT = dwarf;
				ENABLE_STRICT_OBJC_MSGSEND = YES;
				ENABLE_TESTABILITY = YES;
				ENABLE_USER_SCRIPT_SANDBOXING = YES;
				GCC_C_LANGUAGE_STANDARD = gnu17;
				GCC_DYNAMIC_NO_PIC = NO;
				GCC_NO_COMMON_BLOCKS = YES;
				GCC_OPTIMIZATION_LEVEL = 0;
				GCC_PREPROCESSOR_DEFINITIONS = (
					"DEBUG=1",
					"$(inherited)",
				);
				GCC_WARN_64_TO_32_BIT_CONVERSION = YES;
				GCC_WARN_ABOUT_RETURN_TYPE = YES_ERROR;
				GCC_WARN_UNDECLARED_SELECTOR = YES;
				GCC_WARN_UNINITIALIZED_AUTOS = YES_AGGRESSIVE;
				GCC_WARN_UNUSED_FUNCTION = YES;
				GCC_WARN_UNUSED_VARIABLE = YES;
				IPHONEOS_DEPLOYMENT_TARGET = 18.2;
				LOCALIZATION_PREFERS_STRING_CATALOGS = YES;
				MTL_ENABLE_DEBUG_INFO = INCLUDE_SOURCE;
				MTL_FAST_MATH = YES;
				ONLY_ACTIVE_ARCH = YES;
				SDKROOT = iphoneos;
				SWIFT_ACTIVE_COMPILATION_CONDITIONS = "DEBUG $(inherited)";
				SWIFT_OPTIMIZATION_LEVEL = "-Onone";
			};
			name = Debug;
		};
		1F0998E12D325FA1000E8762 /* Release */ = {
			isa = XCBuildConfiguration;
			buildSettings = {
				ALWAYS_SEARCH_USER_PATHS = NO;
				ASSETCATALOG_COMPILER_GENERATE_SWIFT_ASSET_SYMBOL_EXTENSIONS = YES;
				CLANG_ANALYZER_NONNULL = YES;
				CLANG_ANALYZER_NUMBER_OBJECT_CONVERSION = YES_AGGRESSIVE;
				CLANG_CXX_LANGUAGE_STANDARD = "gnu++20";
				CLANG_ENABLE_MODULES = YES;
				CLANG_ENABLE_OBJC_ARC = YES;
				CLANG_ENABLE_OBJC_WEAK = YES;
				CLANG_WARN_BLOCK_CAPTURE_AUTORELEASING = YES;
				CLANG_WARN_BOOL_CONVERSION = YES;
				CLANG_WARN_COMMA = YES;
				CLANG_WARN_CONSTANT_CONVERSION = YES;
				CLANG_WARN_DEPRECATED_OBJC_IMPLEMENTATIONS = YES;
				CLANG_WARN_DIRECT_OBJC_ISA_USAGE = YES_ERROR;
				CLANG_WARN_DOCUMENTATION_COMMENTS = YES;
				CLANG_WARN_EMPTY_BODY = YES;
				CLANG_WARN_ENUM_CONVERSION = YES;
				CLANG_WARN_INFINITE_RECURSION = YES;
				CLANG_WARN_INT_CONVERSION = YES;
				CLANG_WARN_NON_LITERAL_NULL_CONVERSION = YES;
				CLANG_WARN_OBJC_IMPLICIT_RETAIN_SELF = YES;
				CLANG_WARN_OBJC_LITERAL_CONVERSION = YES;
				CLANG_WARN_OBJC_ROOT_CLASS = YES_ERROR;
				CLANG_WARN_QUOTED_INCLUDE_IN_FRAMEWORK_HEADER = YES;
				CLANG_WARN_RANGE_LOOP_ANALYSIS = YES;
				CLANG_WARN_STRICT_PROTOTYPES = YES;
				CLANG_WARN_SUSPICIOUS_MOVE = YES;
				CLANG_WARN_UNGUARDED_AVAILABILITY = YES_AGGRESSIVE;
				CLANG_WARN_UNREACHABLE_CODE = YES;
				CLANG_WARN__DUPLICATE_METHOD_MATCH = YES;
				COPY_PHASE_STRIP = NO;
				DEBUG_INFORMATION_FORMAT = "dwarf-with-dsym";
				ENABLE_NS_ASSERTIONS = NO;
				ENABLE_STRICT_OBJC_MSGSEND = YES;
				ENABLE_USER_SCRIPT_SANDBOXING = YES;
				GCC_C_LANGUAGE_STANDARD = gnu17;
				GCC_NO_COMMON_BLOCKS = YES;
				GCC_WARN_64_TO_32_BIT_CONVERSION = YES;
				GCC_WARN_ABOUT_RETURN_TYPE = YES_ERROR;
				GCC_WARN_UNDECLARED_SELECTOR = YES;
				GCC_WARN_UNINITIALIZED_AUTOS = YES_AGGRESSIVE;
				GCC_WARN_UNUSED_FUNCTION = YES;
				GCC_WARN_UNUSED_VARIABLE = YES;
				IPHONEOS_DEPLOYMENT_TARGET = 18.2;
				LOCALIZATION_PREFERS_STRING_CATALOGS = YES;
				MTL_ENABLE_DEBUG_INFO = NO;
				MTL_FAST_MATH = YES;
				SDKROOT = iphoneos;
				SWIFT_COMPILATION_MODE = wholemodule;
				VALIDATE_PRODUCT = YES;
			};
			name = Release;
		};
/* End XCBuildConfiguration section */

/* Begin XCConfigurationList section */
		1F0998C22D325FA0000E8762 /* Build configuration list for PBXProject "LunZh" */ = {
			isa = XCConfigurationList;
			buildConfigurations = (
				1F0998E02D325FA1000E8762 /* Debug */,
				1F0998E12D325FA1000E8762 /* Release */,
			);
			defaultConfigurationIsVisible = 0;
			defaultConfigurationName = Release;
		};
		1F0998DD2D325FA1000E8762 /* Build configuration list for PBXNativeTarget "LunZh" */ = {
			isa = XCConfigurationList;
			buildConfigurations = (
				1F0998DE2D325FA1000E8762 /* Debug */,
				1F0998DF2D325FA1000E8762 /* Release */,
			);
			defaultConfigurationIsVisible = 0;
			defaultConfigurationName = Release;
		};
/* End XCConfigurationList section */

/* Begin XCRemoteSwiftPackageReference section */
		1F0998F92D32618C000E8762 /* XCRemoteSwiftPackageReference "SnapKit" */ = {
			isa = XCRemoteSwiftPackageReference;
			repositoryURL = "https://github.com/SnapKit/SnapKit.git";
			requirement = {
				kind = upToNextMajorVersion;
				minimumVersion = 5.7.1;
			};
		};
		1F0998FC2D3261B1000E8762 /* XCRemoteSwiftPackageReference "Then" */ = {
			isa = XCRemoteSwiftPackageReference;
			repositoryURL = "https://github.com/devxoul/Then";
			requirement = {
				kind = upToNextMajorVersion;
				minimumVersion = 3.0.0;
			};
		};
		1F0998FF2D326208000E8762 /* XCRemoteSwiftPackageReference "Moya" */ = {
			isa = XCRemoteSwiftPackageReference;
			repositoryURL = "https://github.com/Moya/Moya";
			requirement = {
				kind = upToNextMajorVersion;
				minimumVersion = 15.0.3;
			};
		};
		1F0999022D32626D000E8762 /* XCRemoteSwiftPackageReference "kakao-ios-sdk" */ = {
			isa = XCRemoteSwiftPackageReference;
			repositoryURL = "https://github.com/kakao/kakao-ios-sdk";
			requirement = {
				kind = upToNextMajorVersion;
				minimumVersion = 2.23.0;
			};
		};
		1F09990D2D32629F000E8762 /* XCRemoteSwiftPackageReference "SDWebImage" */ = {
			isa = XCRemoteSwiftPackageReference;
			repositoryURL = "https://github.com/SDWebImage/SDWebImage";
			requirement = {
				kind = upToNextMajorVersion;
				minimumVersion = 5.20.0;
			};
		};
/* End XCRemoteSwiftPackageReference section */

/* Begin XCSwiftPackageProductDependency section */
		1F0998FA2D32618C000E8762 /* SnapKit */ = {
			isa = XCSwiftPackageProductDependency;
			package = 1F0998F92D32618C000E8762 /* XCRemoteSwiftPackageReference "SnapKit" */;
			productName = SnapKit;
		};
		1F0998FD2D3261B1000E8762 /* Then */ = {
			isa = XCSwiftPackageProductDependency;
			package = 1F0998FC2D3261B1000E8762 /* XCRemoteSwiftPackageReference "Then" */;
			productName = Then;
		};
		1F0999002D326208000E8762 /* Moya */ = {
			isa = XCSwiftPackageProductDependency;
			package = 1F0998FF2D326208000E8762 /* XCRemoteSwiftPackageReference "Moya" */;
			productName = Moya;
		};
		1F0999032D32626D000E8762 /* KakaoSDK */ = {
			isa = XCSwiftPackageProductDependency;
			package = 1F0999022D32626D000E8762 /* XCRemoteSwiftPackageReference "kakao-ios-sdk" */;
			productName = KakaoSDK;
		};
		1F0999052D32626D000E8762 /* KakaoSDKAuth */ = {
			isa = XCSwiftPackageProductDependency;
			package = 1F0999022D32626D000E8762 /* XCRemoteSwiftPackageReference "kakao-ios-sdk" */;
			productName = KakaoSDKAuth;
		};
		1F0999072D32626D000E8762 /* KakaoSDKCert */ = {
			isa = XCSwiftPackageProductDependency;
			package = 1F0999022D32626D000E8762 /* XCRemoteSwiftPackageReference "kakao-ios-sdk" */;
			productName = KakaoSDKCert;
		};
		1F0999092D32626D000E8762 /* KakaoSDKCertCore */ = {
			isa = XCSwiftPackageProductDependency;
			package = 1F0999022D32626D000E8762 /* XCRemoteSwiftPackageReference "kakao-ios-sdk" */;
			productName = KakaoSDKCertCore;
		};
		1F09990B2D32626D000E8762 /* KakaoSDKCommon */ = {
			isa = XCSwiftPackageProductDependency;
			package = 1F0999022D32626D000E8762 /* XCRemoteSwiftPackageReference "kakao-ios-sdk" */;
			productName = KakaoSDKCommon;
		};
		1F09990E2D32629F000E8762 /* SDWebImage */ = {
			isa = XCSwiftPackageProductDependency;
			package = 1F09990D2D32629F000E8762 /* XCRemoteSwiftPackageReference "SDWebImage" */;
			productName = SDWebImage;
		};
/* End XCSwiftPackageProductDependency section */
	};
	rootObject = 1F0998BF2D325FA0000E8762 /* Project object */;
}
